
Microsoft Visual Studio Solution File, Format Version 12.00
# Visual Studio Version 16
VisualStudioVersion = 16.0.30011.22
MinimumVisualStudioVersion = 10.0.40219.1
Project("{9092AA53-FB77-4645-B42D-1CCCA6BD08BD}") = "ServerSocketIO", "ServerSocketIO\ServerSocketIO.njsproj", "{B4D37CD6-A6BB-4D8D-B874-B07CF518D326}"
EndProject
Global
	GlobalSection(SolutionConfigurationPlatforms) = preSolution
		Debug|Any CPU = Debug|Any CPU
		Release|Any CPU = Release|Any CPU
	EndGlobalSection
	GlobalSection(ProjectConfigurationPlatforms) = postSolution
		{B4D37CD6-A6BB-4D8D-B874-B07CF518D326}.Debug|Any CPU.ActiveCfg = Debug|Any CPU
		{B4D37CD6-A6BB-4D8D-B874-B07CF518D326}.Debug|Any CPU.Build.0 = Debug|Any CPU
		{B4D37CD6-A6BB-4D8D-B874-B07CF518D326}.Release|Any CPU.ActiveCfg = Release|Any CPU
		{B4D37CD6-A6BB-4D8D-B874-B07CF518D326}.Release|Any CPU.Build.0 = Release|Any CPU
	EndGlobalSection
	GlobalSection(SolutionProperties) = preSolution
		HideSolutionNode = FALSE
	EndGlobalSection
	GlobalSection(ExtensibilityGlobals) = postSolution
		SolutionGuid = {9BE5E267-29DA-4261-AB4D-AB93E257F6AA}
	EndGlobalSection
EndGlobal
